
Microsoft Visual Studio Solution File, Format Version 12.00
# Visual Studio Version 17
VisualStudioVersion = 17.10.35013.160
MinimumVisualStudioVersion = 10.0.40219.1
Project("{FAE04EC0-301F-11D3-BF4B-00C04F79EFBC}") = "Codingtracker", "Codingtracker.csproj", "{15AE304C-1443-43A7-B778-D91E12866F4F}"
EndProject
Global
	GlobalSection(SolutionConfigurationPlatforms) = preSolution
		Debug|Any CPU = Debug|Any CPU
		Release|Any CPU = Release|Any CPU
	EndGlobalSection
	GlobalSection(ProjectConfigurationPlatforms) = postSolution
		{15AE304C-1443-43A7-B778-D91E12866F4F}.Debug|Any CPU.ActiveCfg = Debug|Any CPU
		{15AE304C-1443-43A7-B778-D91E12866F4F}.Debug|Any CPU.Build.0 = Debug|Any CPU
		{15AE304C-1443-43A7-B778-D91E12866F4F}.Release|Any CPU.ActiveCfg = Release|Any CPU
		{15AE304C-1443-43A7-B778-D91E12866F4F}.Release|Any CPU.Build.0 = Release|Any CPU
	EndGlobalSection
	GlobalSection(SolutionProperties) = preSolution
		HideSolutionNode = FALSE
	EndGlobalSection
	GlobalSection(ExtensibilityGlobals) = postSolution
		SolutionGuid = {533DDE9F-7AE6-4950-AE77-6EF1F9E18486}
	EndGlobalSection
EndGlobal
